{
    "name": "md-api-hello-world",
    "version": "2.0.0",
    "lockfileVersion": 2,
    "requires": true,
    "packages": {
        "": {
            "name": "md-api-hello-world",
            "version": "2.0.0",
            "license": "ISC",
            "dependencies": {
                "chalk": "^5.0.1",
                "node-mdaemon-api": "^22.0.0-alpha.15"
            }
        },
        "node_modules/chalk": {
            "version": "5.0.1",
            "resolved": "https://registry.npmjs.org/chalk/-/chalk-5.0.1.tgz",
            "integrity": "sha512-Fo07WOYGqMfCWHOzSXOt2CxDbC6skS/jO9ynEcmpANMoPrD+W1r1K6Vx7iNm+AQmETU1Xr2t+n8nzkV9t6xh3w==",
            "engines": {
                "node": "^12.17.0 || ^14.13 || >=16.0.0"
            },
            "funding": {
                "url": "https://github.com/chalk/chalk?sponsor=1"
            }
        },
        "node_modules/node-mdaemon-api": {
            "version": "22.0.0-alpha.15",
            "resolved": "https://registry.npmjs.org/node-mdaemon-api/-/node-mdaemon-api-22.0.0-alpha.15.tgz",
            "integrity": "sha512-He/Dxgi+m7AGOhASD9hl5XAgpVNQMa0l6LpShAn6QRYXNd4FwipdbIqZkfLcjyfzFkmeswsDbKxQy8n0CP4DXQ==",
            "cpu": [
                "x64"
            ],
            "os": [
                "win32"
            ],
            "engines": {
                "node": ">=14.0.0 <18"
            }
        }
    },
    "dependencies": {
        "chalk": {
            "version": "5.0.1",
            "resolved": "https://registry.npmjs.org/chalk/-/chalk-5.0.1.tgz",
            "integrity": "sha512-Fo07WOYGqMfCWHOzSXOt2CxDbC6skS/jO9ynEcmpANMoPrD+W1r1K6Vx7iNm+AQmETU1Xr2t+n8nzkV9t6xh3w=="
        },
        "node-mdaemon-api": {
            "version": "22.0.0-alpha.15",
            "resolved": "https://registry.npmjs.org/node-mdaemon-api/-/node-mdaemon-api-22.0.0-alpha.15.tgz",
            "integrity": "sha512-He/Dxgi+m7AGOhASD9hl5XAgpVNQMa0l6LpShAn6QRYXNd4FwipdbIqZkfLcjyfzFkmeswsDbKxQy8n0CP4DXQ=="
        }
    }
}
