{
    "name": "md-api-hello-world",
    "version": "1.0.1",
    "lockfileVersion": 2,
    "requires": true,
    "packages": {
        "": {
            "name": "md-api-hello-world",
            "version": "1.0.1",
            "license": "ISC",
            "dependencies": {
                "chalk": "^5.0.0",
                "node-mdaemon-api": "^21.5.2-alpha.7"
            }
        },
        "node_modules/chalk": {
            "version": "5.0.0",
            "resolved": "https://registry.npmjs.org/chalk/-/chalk-5.0.0.tgz",
            "integrity": "sha512-/duVOqst+luxCQRKEo4bNxinsOQtMP80ZYm7mMqzuh5PociNL0PvmHFvREJ9ueYL2TxlHjBcmLCdmocx9Vg+IQ==",
            "engines": {
                "node": "^12.17.0 || ^14.13 || >=16.0.0"
            },
            "funding": {
                "url": "https://github.com/chalk/chalk?sponsor=1"
            }
        },
        "node_modules/node-mdaemon-api": {
            "version": "21.5.2-alpha.7",
            "resolved": "https://registry.npmjs.org/node-mdaemon-api/-/node-mdaemon-api-21.5.2-alpha.7.tgz",
            "integrity": "sha512-LaYThQcEz0jQkLFDXE2bMYhCb/JyybJjdqVUXuUtnsdJbNtyg4/FfmuwZ6UPilXC9x8Q5eVSMt8F1Kj57P6Wzg==",
            "cpu": [
                "x64"
            ],
            "os": [
                "win32"
            ],
            "engines": {
                "node": ">=14.0.0 <18"
            }
        }
    },
    "dependencies": {
        "chalk": {
            "version": "5.0.0",
            "resolved": "https://registry.npmjs.org/chalk/-/chalk-5.0.0.tgz",
            "integrity": "sha512-/duVOqst+luxCQRKEo4bNxinsOQtMP80ZYm7mMqzuh5PociNL0PvmHFvREJ9ueYL2TxlHjBcmLCdmocx9Vg+IQ=="
        },
        "node-mdaemon-api": {
            "version": "21.5.2-alpha.7",
            "resolved": "https://registry.npmjs.org/node-mdaemon-api/-/node-mdaemon-api-21.5.2-alpha.7.tgz",
            "integrity": "sha512-LaYThQcEz0jQkLFDXE2bMYhCb/JyybJjdqVUXuUtnsdJbNtyg4/FfmuwZ6UPilXC9x8Q5eVSMt8F1Kj57P6Wzg=="
        }
    }
}
