{
  "name": "md-api-hello-world",
  "version": "1.0.0",
  "lockfileVersion": 1,
  "requires": true,
  "dependencies": {
    "@types/colors": {
      "version": "1.2.1",
      "resolved": "https://registry.npmjs.org/@types/colors/-/colors-1.2.1.tgz",
      "integrity": "sha512-7jNkpfN2lVO07nJ1RWzyMnNhH/I5N9iWuMPx9pedptxJ4MODf8rRV0lbJi6RakQ4sKQk231Fw4e2W9n3D7gZ3w==",
      "dev": true,
      "requires": {
        "colors": "*"
      }
    },
    "colors": {
      "version": "1.4.0",
      "resolved": "https://registry.npmjs.org/colors/-/colors-1.4.0.tgz",
      "integrity": "sha512-a+UqTh4kgZg/SlGvfbzDHpgRu7AAQOmmqRHJnxhRZICKFUT91brVhNNt58CMWU9PsBbv3PDCZUHbVxuDiH2mtA=="
    },
    "node-mdaemon-api": {
      "version": "21.0.2-alpha.1",
      "resolved": "https://registry.npmjs.org/node-mdaemon-api/-/node-mdaemon-api-21.0.2-alpha.1.tgz",
      "integrity": "sha512-JJUP4Ed0AQTpFKKEeLoJQfk65O6Pg7x5sG53DaEOhcIN5A9pBUNZtd6MG2N/sLvL9GW+gpRwndisnQ0BLpwKFQ=="
    }
  }
}
