lockfileVersion: '9.0'

settings:
  autoInstallPeers: true
  excludeLinksFromLockfile: false

importers:

  .:
    dependencies:
      chalk:
        specifier: ^5.3.0
        version: 5.4.1
      node-mdaemon-api:
        specifier: 25.0.0-alpha.38
        version: 25.0.0-alpha.38

packages:

  chalk@5.4.1:
    resolution: {integrity: sha512-zgVZuo2WcZgfUEmsn6eO3kINexW8RAE4maiQ8QNs8CtpPCSyMiYsULR3HQYkm3w8FIA3SberyMJMSldGsW+U3w==}
    engines: {node: ^12.17.0 || ^14.13 || >=16.0.0}

  node-mdaemon-api@25.0.0-alpha.38:
    resolution: {integrity: sha512-WoIQUv4zvvA0WxQ0Bz2h1EUlAKuTEOFmRnCCm39QDdT3Vw4FgH9solxtAiVOnpN2Rm6/Dyc+VLs9OLjjOdFCiw==}
    engines: {node: '>=19.0.0 <23'}
    cpu: [x64]
    os: [win32]

snapshots:

  chalk@5.4.1: {}

  node-mdaemon-api@25.0.0-alpha.38: {}
