# THIS IS AN AUTOGENERATED FILE. DO NOT EDIT THIS FILE DIRECTLY.
# yarn lockfile v1


chalk@^5.3.0:
  version "5.3.0"
  resolved "https://registry.yarnpkg.com/chalk/-/chalk-5.3.0.tgz#67c20a7ebef70e7f3970a01f90fa210cb6860385"
  integrity sha512-dLitG79d+GV1Nb/VYcCDFivJeK1hiukt9QjRNVOsUtTy1rR1YJsmpGGTZ3qJos+uw7WmWF4wUwBd9jxjocFC2w==

node-mdaemon-api@^23.5.1-alpha.22:
  version "23.5.1-alpha.22"
  resolved "https://registry.yarnpkg.com/node-mdaemon-api/-/node-mdaemon-api-23.5.1-alpha.22.tgz#218bbe5ad64143b1443ee630b5f522aa4689571c"
  integrity sha512-OcgSEYYAd4iXUSP00og7ba9ZDMb6tb5KW7tUjIpQzodce7pczKObulavssjbNUrNj5Zjhj+P553Y6e9DrlpPvQ==
